{
    "_meta": {
        "hash": {
            "sha256": "f4fa4b33b05286f811103c2e42524c37e5ca76ddcce9253a78d89e9193f0cdf8"
        },
        "pipfile-spec": 6,
        "requires": {
            "python_version": "3.7"
        },
        "sources": [
            {
                "name": "pypi",
                "url": "https://pypi.org/simple",
                "verify_ssl": true
            }
        ]
    },
    "default": {
        "astroid": {
            "hashes": [
                "sha256:6b0ed1af831570e500e2437625979eaa3b36011f66ddfc4ce930128610258ca9",
                "sha256:cd80bf957c49765dce6d92c43163ff9d2abc43132ce64d4b1b47717c6d2522df"
            ],
            "version": "==2.5.2"
        },
        "backcall": {
            "hashes": [
                "sha256:5cbdbf27be5e7cfadb448baf0aa95508f91f2bbc6c6437cd9cd06e2a4c215e1e",
                "sha256:fbbce6a29f263178a1f7915c1940bde0ec2b2a967566fe1c65c1dfb7422bd255"
            ],
            "version": "==0.2.0"
        },
        "decorator": {
            "hashes": [
                "sha256:41fa54c2a0cc4ba648be4fd43cff00aedf5b9465c9bf18d64325bc225f08f760",
                "sha256:e3a62f0520172440ca0dcc823749319382e377f37f140a0b99ef45fecb84bfe7"
            ],
            "version": "==4.4.2"
        },
        "ipdb": {
            "hashes": [
                "sha256:dce2112557edfe759742ca2d0fee35c59c97b0cc7a05398b791079d78f1519ce"
            ],
            "index": "pypi",
            "version": "==0.12"
        },
        "ipython": {
            "hashes": [
                "sha256:11067ab11d98b1e6c7f0993506f7a5f8a91af420f7e82be6575fcb7a6ca372a0",
                "sha256:60bc55c2c1d287161191cc2469e73c116d9b634cff25fe214a43cba7cec94c79"
            ],
            "index": "pypi",
            "version": "==7.6.1"
        },
        "ipython-genutils": {
            "hashes": [
                "sha256:72dd37233799e619666c9f639a9da83c34013a73e8bbc79a7a6348d93c61fab8",
                "sha256:eb2e116e75ecef9d4d228fdc66af54269afa26ab4463042e33785b887c628ba8"
            ],
            "version": "==0.2.0"
        },
        "isort": {
            "hashes": [
                "sha256:54da7e92468955c4fceacd0c86bd0ec997b0e1ee80d97f67c35a78b719dccab1",
                "sha256:6e811fcb295968434526407adb8796944f1988c5b65e8139058f2014cbe100fd"
            ],
            "version": "==4.3.21"
        },
        "jedi": {
            "hashes": [
                "sha256:18456d83f65f400ab0c2d3319e48520420ef43b23a086fdc05dff34132f0fb93",
                "sha256:92550a404bad8afed881a137ec9a461fed49eca661414be45059329614ed0707"
            ],
            "version": "==0.18.0"
        },
        "lazy-object-proxy": {
            "hashes": [
                "sha256:17e0967ba374fc24141738c69736da90e94419338fd4c7c7bef01ee26b339653",
                "sha256:1fee665d2638491f4d6e55bd483e15ef21f6c8c2095f235fef72601021e64f61",
                "sha256:22ddd618cefe54305df49e4c069fa65715be4ad0e78e8d252a33debf00f6ede2",
                "sha256:24a5045889cc2729033b3e604d496c2b6f588c754f7a62027ad4437a7ecc4837",
                "sha256:410283732af311b51b837894fa2f24f2c0039aa7f220135192b38fcc42bd43d3",
                "sha256:4732c765372bd78a2d6b2150a6e99d00a78ec963375f236979c0626b97ed8e43",
                "sha256:489000d368377571c6f982fba6497f2aa13c6d1facc40660963da62f5c379726",
                "sha256:4f60460e9f1eb632584c9685bccea152f4ac2130e299784dbaf9fae9f49891b3",
                "sha256:5743a5ab42ae40caa8421b320ebf3a998f89c85cdc8376d6b2e00bd12bd1b587",
                "sha256:85fb7608121fd5621cc4377a8961d0b32ccf84a7285b4f1d21988b2eae2868e8",
                "sha256:9698110e36e2df951c7c36b6729e96429c9c32b3331989ef19976592c5f3c77a",
                "sha256:9d397bf41caad3f489e10774667310d73cb9c4258e9aed94b9ec734b34b495fd",
                "sha256:b579f8acbf2bdd9ea200b1d5dea36abd93cabf56cf626ab9c744a432e15c815f",
                "sha256:b865b01a2e7f96db0c5d12cfea590f98d8c5ba64ad222300d93ce6ff9138bcad",
                "sha256:bf34e368e8dd976423396555078def5cfc3039ebc6fc06d1ae2c5a65eebbcde4",
                "sha256:c6938967f8528b3668622a9ed3b31d145fab161a32f5891ea7b84f6b790be05b",
                "sha256:d1c2676e3d840852a2de7c7d5d76407c772927addff8d742b9808fe0afccebdf",
                "sha256:d7124f52f3bd259f510651450e18e0fd081ed82f3c08541dffc7b94b883aa981",
                "sha256:d900d949b707778696fdf01036f58c9876a0d8bfe116e8d220cfd4b15f14e741",
                "sha256:ebfd274dcd5133e0afae738e6d9da4323c3eb021b3e13052d8cbd0e457b1256e",
                "sha256:ed361bb83436f117f9917d282a456f9e5009ea12fd6de8742d1a4752c3017e93",
                "sha256:f5144c75445ae3ca2057faac03fda5a902eff196702b0a24daf1d6ce0650514b"
            ],
            "version": "==1.6.0"
        },
        "mccabe": {
            "hashes": [
                "sha256:ab8a6258860da4b6677da4bd2fe5dc2c659cff31b3ee4f7f5d64e79735b80d42",
                "sha256:dd8d182285a0fe56bace7f45b5e7d1a6ebcbf524e8f3bd87eb0f125271b8831f"
            ],
            "version": "==0.6.1"
        },
        "numpy": {
            "hashes": [
                "sha256:2428b109306075d89d21135bdd6b785f132a1f5a3260c371cee1fae427e12727",
                "sha256:377751954da04d4a6950191b20539066b4e19e3b559d4695399c5e8e3e683bf6",
                "sha256:4703b9e937df83f5b6b7447ca5912b5f5f297aba45f91dbbbc63ff9278c7aa98",
                "sha256:471c0571d0895c68da309dacee4e95a0811d0a9f9f532a48dc1bea5f3b7ad2b7",
                "sha256:61d5b4cf73622e4d0c6b83408a16631b670fc045afd6540679aa35591a17fe6d",
                "sha256:6c915ee7dba1071554e70a3664a839fbc033e1d6528199d4621eeaaa5487ccd2",
                "sha256:6e51e417d9ae2e7848314994e6fc3832c9d426abce9328cf7571eefceb43e6c9",
                "sha256:719656636c48be22c23641859ff2419b27b6bdf844b36a2447cb39caceb00935",
                "sha256:780ae5284cb770ade51d4b4a7dce4faa554eb1d88a56d0e8b9f35fca9b0270ff",
                "sha256:878922bf5ad7550aa044aa9301d417e2d3ae50f0f577de92051d739ac6096cee",
                "sha256:924dc3f83de20437de95a73516f36e09918e9c9c18d5eac520062c49191025fb",
                "sha256:97ce8b8ace7d3b9288d88177e66ee75480fb79b9cf745e91ecfe65d91a856042",
                "sha256:9c0fab855ae790ca74b27e55240fe4f2a36a364a3f1ebcfd1fb5ac4088f1cec3",
                "sha256:9cab23439eb1ebfed1aaec9cd42b7dc50fc96d5cd3147da348d9161f0501ada5",
                "sha256:a8e6859913ec8eeef3dbe9aed3bf475347642d1cdd6217c30f28dee8903528e6",
                "sha256:aa046527c04688af680217fffac61eec2350ef3f3d7320c07fd33f5c6e7b4d5f",
                "sha256:abc81829c4039e7e4c30f7897938fa5d4916a09c2c7eb9b244b7a35ddc9656f4",
                "sha256:bad70051de2c50b1a6259a6df1daaafe8c480ca98132da98976d8591c412e737",
                "sha256:c73a7975d77f15f7f68dacfb2bca3d3f479f158313642e8ea9058eea06637931",
                "sha256:d15007f857d6995db15195217afdbddfcd203dfaa0ba6878a2f580eaf810ecd6",
                "sha256:d76061ae5cab49b83a8cf3feacefc2053fac672728802ac137dd8c4123397677",
                "sha256:e8e4fbbb7e7634f263c5b0150a629342cc19b47c5eba8d1cd4363ab3455ab576",
                "sha256:e9459f40244bb02b2f14f6af0cd0732791d72232bbb0dc4bab57ef88e75f6935",
                "sha256:edb1f041a9146dcf02cd7df7187db46ab524b9af2515f392f337c7cbbf5b52cd"
            ],
            "version": "==1.20.2"
        },
        "parso": {
            "hashes": [
                "sha256:15b00182f472319383252c18d5913b69269590616c947747bc50bf4ac768f410",
                "sha256:8519430ad07087d4c997fda3a7918f7cfa27cb58972a8c89c2a0295a1c940e9e"
            ],
            "version": "==0.8.1"
        },
        "pexpect": {
            "hashes": [
                "sha256:0b48a55dcb3c05f3329815901ea4fc1537514d6ba867a152b581d69ae3710937",
                "sha256:fc65a43959d153d0114afe13997d439c22823a27cefceb5ff35c2178c6784c0c"
            ],
            "markers": "sys_platform != 'win32'",
            "version": "==4.8.0"
        },
        "pickleshare": {
            "hashes": [
                "sha256:87683d47965c1da65cdacaf31c8441d12b8044cdec9aca500cd78fc2c683afca",
                "sha256:9649af414d74d4df115d5d718f82acb59c9d418196b7b4290ed47a12ce62df56"
            ],
            "version": "==0.7.5"
        },
        "prompt-toolkit": {
            "hashes": [
                "sha256:46642344ce457641f28fc9d1c9ca939b63dadf8df128b86f1b9860e59c73a5e4",
                "sha256:e7f8af9e3d70f514373bf41aa51bc33af12a6db3f71461ea47fea985defb2c31",
                "sha256:f15af68f66e664eaa559d4ac8a928111eebd5feda0c11738b5998045224829db"
            ],
            "version": "==2.0.10"
        },
        "ptyprocess": {
            "hashes": [
                "sha256:4b41f3967fce3af57cc7e94b888626c18bf37a083e3651ca8feeb66d492fef35",
                "sha256:5c5d0a3b48ceee0b48485e0c26037c0acd7d29765ca3fbb5cb3831d347423220"
            ],
            "version": "==0.7.0"
        },
        "pygments": {
            "hashes": [
                "sha256:bc9591213a8f0e0ca1a5e68a479b4887fdc3e75d0774e5c71c31920c427de435",
                "sha256:df49d09b498e83c1a73128295860250b0b7edd4c723a32e9bc0d295c7c2ec337"
            ],
            "index": "pypi",
            "version": "==2.7.4"
        },
        "pylint": {
            "hashes": [
                "sha256:5d77031694a5fb97ea95e828c8d10fc770a1df6eb3906067aaed42201a8a6a09",
                "sha256:723e3db49555abaf9bf79dc474c6b9e2935ad82230b10c1138a71ea41ac0fff1"
            ],
            "index": "pypi",
            "version": "==2.3.1"
        },
        "scipy": {
            "hashes": [
                "sha256:03b1e0775edbe6a4c64effb05fff2ce1429b76d29d754aa5ee2d848b60033351",
                "sha256:09d008237baabf52a5d4f5a6fcf9b3c03408f3f61a69c404472a16861a73917e",
                "sha256:10325f0ffac2400b1ec09537b7e403419dcd25d9fee602a44e8a32119af9079e",
                "sha256:1db9f964ed9c52dc5bd6127f0dd90ac89791daa690a5665cc01eae185912e1ba",
                "sha256:409846be9d6bdcbd78b9e5afe2f64b2da5a923dd7c1cd0615ce589489533fdbb",
                "sha256:4907040f62b91c2e170359c3d36c000af783f0fa1516a83d6c1517cde0af5340",
                "sha256:6c0543f2fdd38dee631fb023c0f31c284a532d205590b393d72009c14847f5b1",
                "sha256:826b9f5fbb7f908a13aa1efd4b7321e36992f5868d5d8311c7b40cf9b11ca0e7",
                "sha256:a7695a378c2ce402405ea37b12c7a338a8755e081869bd6b95858893ceb617ae",
                "sha256:a84c31e8409b420c3ca57fd30c7589378d6fdc8d155d866a7f8e6e80dec6fd06",
                "sha256:adadeeae5500de0da2b9e8dd478520d0a9945b577b2198f2462555e68f58e7ef",
                "sha256:b283a76a83fe463c9587a2c88003f800e08c3929dfbeba833b78260f9c209785",
                "sha256:c19a7389ab3cd712058a8c3c9ffd8d27a57f3d84b9c91a931f542682bb3d269d",
                "sha256:c3bb4bd2aca82fb498247deeac12265921fe231502a6bc6edea3ee7fe6c40a7a",
                "sha256:c5ea60ece0c0c1c849025bfc541b60a6751b491b6f11dd9ef37ab5b8c9041921",
                "sha256:db61a640ca20f237317d27bc658c1fc54c7581ff7f6502d112922dc285bdabee"
            ],
            "index": "pypi",
            "version": "==1.3.0"
        },
        "six": {
            "hashes": [
                "sha256:30639c035cdb23534cd4aa2dd52c3bf48f06e5f4a941509c8bafd8ce11080259",
                "sha256:8b74bedcbbbaca38ff6d7491d76f2b06b3592611af620f8426e82dddb04a5ced"
            ],
            "version": "==1.15.0"
        },
        "tabulate": {
            "hashes": [
                "sha256:8af07a39377cee1103a5c8b3330a421c2d99b9141e9cc5ddd2e3263fea416943"
            ],
            "index": "pypi",
            "version": "==0.8.3"
        },
        "traitlets": {
            "hashes": [
                "sha256:178f4ce988f69189f7e523337a3e11d91c786ded9360174a3d9ca83e79bc5396",
                "sha256:69ff3f9d5351f31a7ad80443c2674b7099df13cc41fc5fa6e2f6d3b0330b0426"
            ],
            "version": "==5.0.5"
        },
        "typed-ast": {
            "hashes": [
                "sha256:07d49388d5bf7e863f7fa2f124b1b1d89d8aa0e2f7812faff0a5658c01c59aa1",
                "sha256:14bf1522cdee369e8f5581238edac09150c765ec1cb33615855889cf33dcb92d",
                "sha256:240296b27397e4e37874abb1df2a608a92df85cf3e2a04d0d4d61055c8305ba6",
                "sha256:36d829b31ab67d6fcb30e185ec996e1f72b892255a745d3a82138c97d21ed1cd",
                "sha256:37f48d46d733d57cc70fd5f30572d11ab8ed92da6e6b28e024e4a3edfb456e37",
                "sha256:4c790331247081ea7c632a76d5b2a265e6d325ecd3179d06e9cf8d46d90dd151",
                "sha256:5dcfc2e264bd8a1db8b11a892bd1647154ce03eeba94b461effe68790d8b8e07",
                "sha256:7147e2a76c75f0f64c4319886e7639e490fee87c9d25cb1d4faef1d8cf83a440",
                "sha256:7703620125e4fb79b64aa52427ec192822e9f45d37d4b6625ab37ef403e1df70",
                "sha256:8368f83e93c7156ccd40e49a783a6a6850ca25b556c0fa0240ed0f659d2fe496",
                "sha256:84aa6223d71012c68d577c83f4e7db50d11d6b1399a9c779046d75e24bed74ea",
                "sha256:85f95aa97a35bdb2f2f7d10ec5bbdac0aeb9dafdaf88e17492da0504de2e6400",
                "sha256:8db0e856712f79c45956da0c9a40ca4246abc3485ae0d7ecc86a20f5e4c09abc",
                "sha256:9044ef2df88d7f33692ae3f18d3be63dec69c4fb1b5a4a9ac950f9b4ba571606",
                "sha256:963c80b583b0661918718b095e02303d8078950b26cc00b5e5ea9ababe0de1fc",
                "sha256:987f15737aba2ab5f3928c617ccf1ce412e2e321c77ab16ca5a293e7bbffd581",
                "sha256:9ec45db0c766f196ae629e509f059ff05fc3148f9ffd28f3cfe75d4afb485412",
                "sha256:9fc0b3cb5d1720e7141d103cf4819aea239f7d136acf9ee4a69b047b7986175a",
                "sha256:a2c927c49f2029291fbabd673d51a2180038f8cd5a5b2f290f78c4516be48be2",
                "sha256:a38878a223bdd37c9709d07cd357bb79f4c760b29210e14ad0fb395294583787",
                "sha256:b4fcdcfa302538f70929eb7b392f536a237cbe2ed9cba88e3bf5027b39f5f77f",
                "sha256:c0c74e5579af4b977c8b932f40a5464764b2f86681327410aa028a22d2f54937",
                "sha256:c1c876fd795b36126f773db9cbb393f19808edd2637e00fd6caba0e25f2c7b64",
                "sha256:c9aadc4924d4b5799112837b226160428524a9a45f830e0d0f184b19e4090487",
                "sha256:cc7b98bf58167b7f2db91a4327da24fb93368838eb84a44c472283778fc2446b",
                "sha256:cf54cfa843f297991b7388c281cb3855d911137223c6b6d2dd82a47ae5125a41",
                "sha256:d003156bb6a59cda9050e983441b7fa2487f7800d76bdc065566b7d728b4581a",
                "sha256:d175297e9533d8d37437abc14e8a83cbc68af93cc9c1c59c2c292ec59a0697a3",
                "sha256:d746a437cdbca200622385305aedd9aef68e8a645e385cc483bdc5e488f07166",
                "sha256:e683e409e5c45d5c9082dc1daf13f6374300806240719f95dc783d1fc942af10"
            ],
            "markers": "implementation_name == 'cpython' and python_version < '3.8'",
            "version": "==1.4.2"
        },
        "wcwidth": {
            "hashes": [
                "sha256:beb4802a9cebb9144e99086eff703a642a13d6a0052920003a230f3294bbe784",
                "sha256:c4d647b99872929fdb7bdcaa4fbe7f01413ed3d98077df798530e5b04f116c83"
            ],
            "version": "==0.2.5"
        },
        "wrapt": {
            "hashes": [
                "sha256:b62ffa81fb85f4332a4f609cab4ac40709470da05643a082ec1eb88e6d9b97d7"
            ],
            "version": "==1.12.1"
        }
    },
    "develop": {}
}
